// !$*UTF8*$!
{
	archiveVersion = 1;
	classes = {
	};
	objectVersion = 50;
	objects = {

/* Begin PBXBuildFile section */
		F6A28D8B2549FD0900CB61B2 /* AppDelegate.swift in Sources */ = {isa = PBXBuildFile; fileRef = F6A28D8A2549FD0900CB61B2 /* AppDelegate.swift */; };
		F6A28D8D2549FD0900CB61B2 /* SceneDelegate.swift in Sources */ = {isa = PBXBuildFile; fileRef = F6A28D8C2549FD0900CB61B2 /* SceneDelegate.swift */; };
		F6A28D8F2549FD0900CB61B2 /* ViewController.swift in Sources */ = {isa = PBXBuildFile; fileRef = F6A28D8E2549FD0900CB61B2 /* ViewController.swift */; };
		F6A28D922549FD0900CB61B2 /* Main.storyboard in Resources */ = {isa = PBXBuildFile; fileRef = F6A28D902549FD0900CB61B2 /* Main.storyboard */; };
		F6A28D942549FD0A00CB61B2 /* Assets.xcassets in Resources */ = {isa = PBXBuildFile; fileRef = F6A28D932549FD0A00CB61B2 /* Assets.xcassets */; };
		F6A28D972549FD0A00CB61B2 /* LaunchScreen.storyboard in Resources */ = {isa = PBXBuildFile; fileRef = F6A28D952549FD0A00CB61B2 /* LaunchScreen.storyboard */; };
/* End PBXBuildFile section */

/* Begin PBXFileReference section */
		F6A28D872549FD0900CB61B2 /* UITextfieldsLecture.app */ = {isa = PBXFileReference; explicitFileType = wrapper.application; includeInIndex = 0; path = UITextfieldsLecture.app; sourceTree = BUILT_PRODUCTS_DIR; };
		F6A28D8A2549FD0900CB61B2 /* AppDelegate.swift */ = {isa = PBXFileReference; lastKnownFileType = sourcecode.swift; path = AppDelegate.swift; sourceTree = "<group>"; };
		F6A28D8C2549FD0900CB61B2 /* SceneDelegate.swift */ = {isa = PBXFileReference; lastKnownFileType = sourcecode.swift; path = SceneDelegate.swift; sourceTree = "<group>"; };
		F6A28D8E2549FD0900CB61B2 /* ViewController.swift */ = {isa = PBXFileReference; lastKnownFileType = sourcecode.swift; path = ViewController.swift; sourceTree = "<group>"; };
		F6A28D912549FD0900CB61B2 /* Base */ = {isa = PBXFileReference; lastKnownFileType = file.storyboard; name = Base; path = Base.lproj/Main.storyboard; sourceTree = "<group>"; };
		F6A28D932549FD0A00CB61B2 /* Assets.xcassets */ = {isa = PBXFileReference; lastKnownFileType = folder.assetcatalog; path = Assets.xcassets; sourceTree = "<group>"; };
		F6A28D962549FD0A00CB61B2 /* Base */ = {isa = PBXFileReference; lastKnownFileType = file.storyboard; name = Base; path = Base.lproj/LaunchScreen.storyboard; sourceTree = "<group>"; };
		F6A28D982549FD0A00CB61B2 /* Info.plist */ = {isa = PBXFileReference; lastKnownFileType = text.plist.xml; path = Info.plist; sourceTree = "<group>"; };
/* End PBXFileReference section */

/* Begin PBXFrameworksBuildPhase section */
		F6A28D842549FD0900CB61B2 /* Frameworks */ = {
			isa = PBXFrameworksBuildPhase;
			buildActionMask = 2147483647;
			files = (
			);
			runOnlyForDeploymentPostprocessing = 0;
		};
/* End PBXFrameworksBuildPhase section */

/* Begin PBXGroup section */
		F6A28D7E2549FD0900CB61B2 = {
			isa = PBXGroup;
			children = (
				F6A28D892549FD0900CB61B2 /* UITextfieldsLecture */,
				F6A28D882549FD0900CB61B2 /* Products */,
			);
			sourceTree = "<group>";
		};
		F6A28D882549FD0900CB61B2 /* Products */ = {
			isa = PBXGroup;
			children = (
				F6A28D872549FD0900CB61B2 /* UITextfieldsLecture.app */,
			);
			name = Products;
			sourceTree = "<group>";
		};
		F6A28D892549FD0900CB61B2 /* UITextfieldsLecture */ = {
			isa = PBXGroup;
			children = (
				F6A28D8A2549FD0900CB61B2 /* AppDelegate.swift */,
				F6A28D8C2549FD0900CB61B2 /* SceneDelegate.swift */,
				F6A28D8E2549FD0900CB61B2 /* ViewController.swift */,
				F6A28D902549FD0900CB61B2 /* Main.storyboard */,
				F6A28D932549FD0A00CB61B2 /* Assets.xcassets */,
				F6A28D952549FD0A00CB61B2 /* LaunchScreen.storyboard */,
				F6A28D982549FD0A00CB61B2 /* Info.plist */,
			);
			path = UITextfieldsLecture;
			sourceTree = "<group>";
		};
/* End PBXGroup section */

/* Begin PBXNativeTarget section */
		F6A28D862549FD0900CB61B2 /* UITextfieldsLecture */ = {
			isa = PBXNativeTarget;
			buildConfigurationList = F6A28D9B2549FD0A00CB61B2 /* Build configuration list for PBXNativeTarget "UITextfieldsLecture" */;
			buildPhases = (
				F6A28D832549FD0900CB61B2 /* Sources */,
				F6A28D842549FD0900CB61B2 /* Frameworks */,
				F6A28D852549FD0900CB61B2 /* Resources */,
			);
			buildRules = (
			);
			dependencies = (
			);
			name = UITextfieldsLecture;
			productName = UITextfieldsLecture;
			productReference = F6A28D872549FD0900CB61B2 /* UITextfieldsLecture.app */;
			productType = "com.apple.product-type.application";
		};
/* End PBXNativeTarget section */

/* Begin PBXProject section */
		F6A28D7F2549FD0900CB61B2 /* Project object */ = {
			isa = PBXProject;
			attributes = {
				LastSwiftUpdateCheck = 1130;
				LastUpgradeCheck = 1130;
				ORGANIZATIONNAME = JHHS;
				TargetAttributes = {
					F6A28D862549FD0900CB61B2 = {
						CreatedOnToolsVersion = 11.3.1;
					};
				};
			};
			buildConfigurationList = F6A28D822549FD0900CB61B2 /* Build configuration list for PBXProject "UITextfieldsLecture" */;
			compatibilityVersion = "Xcode 9.3";
			developmentRegion = en;
			hasScannedForEncodings = 0;
			knownRegions = (
				en,
				Base,
			);
			mainGroup = F6A28D7E2549FD0900CB61B2;
			productRefGroup = F6A28D882549FD0900CB61B2 /* Products */;
			projectDirPath = "";
			projectRoot = "";
			targets = (
				F6A28D862549FD0900CB61B2 /* UITextfieldsLecture */,
			);
		};
/* End PBXProject section */

/* Begin PBXResourcesBuildPhase section */
		F6A28D852549FD0900CB61B2 /* Resources */ = {
			isa = PBXResourcesBuildPhase;
			buildActionMask = 2147483647;
			files = (
				F6A28D972549FD0A00CB61B2 /* LaunchScreen.storyboard in Resources */,
				F6A28D942549FD0A00CB61B2 /* Assets.xcassets in Resources */,
				F6A28D922549FD0900CB61B2 /* Main.storyboard in Resources */,
			);
			runOnlyForDeploymentPostprocessing = 0;
		};
/* End PBXResourcesBuildPhase section */

/* Begin PBXSourcesBuildPhase section */
		F6A28D832549FD0900CB61B2 /* Sources */ = {
			isa = PBXSourcesBuildPhase;
			buildActionMask = 2147483647;
			files = (
				F6A28D8F2549FD0900CB61B2 /* ViewController.swift in Sources */,
				F6A28D8B2549FD0900CB61B2 /* AppDelegate.swift in Sources */,
				F6A28D8D2549FD0900CB61B2 /* SceneDelegate.swift in Sources */,
			);
			runOnlyForDeploymentPostprocessing = 0;
		};
/* End PBXSourcesBuildPhase section */

/* Begin PBXVariantGroup section */
		F6A28D902549FD0900CB61B2 /* Main.storyboard */ = {
			isa = PBXVariantGroup;
			children = (
				F6A28D912549FD0900CB61B2 /* Base */,
			);
			name = Main.storyboard;
			sourceTree = "<group>";
		};
		F6A28D952549FD0A00CB61B2 /* LaunchScreen.storyboard */ = {
			isa = PBXVariantGroup;
			children = (
				F6A28D962549FD0A00CB61B2 /* Base */,
			);
			name = LaunchScreen.storyboard;
			sourceTree = "<group>";
		};
/* End PBXVariantGroup section */

/* Begin XCBuildConfiguration section */
		F6A28D992549FD0A00CB61B2 /* Debug */ = {
			isa = XCBuildConfiguration;
			buildSettings = {
				ALWAYS_SEARCH_USER_PATHS = NO;
				CLANG_ANALYZER_NONNULL = YES;
				CLANG_ANALYZER_NUMBER_OBJECT_CONVERSION = YES_AGGRESSIVE;
				CLANG_CXX_LANGUAGE_STANDARD = "gnu++14";
				CLANG_CXX_LIBRARY = "libc++";
				CLANG_ENABLE_MODULES = YES;
				CLANG_ENABLE_OBJC_ARC = YES;
				CLANG_ENABLE_OBJC_WEAK = YES;
				CLANG_WARN_BLOCK_CAPTURE_AUTORELEASING = YES;
				CLANG_WARN_BOOL_CONVERSION = YES;
				CLANG_WARN_COMMA = YES;
				CLANG_WARN_CONSTANT_CONVERSION = YES;
				CLANG_WARN_DEPRECATED_OBJC_IMPLEMENTATIONS = YES;
				CLANG_WARN_DIRECT_OBJC_ISA_USAGE = YES_ERROR;
				CLANG_WARN_DOCUMENTATION_COMMENTS = YES;
				CLANG_WARN_EMPTY_BODY = YES;
				CLANG_WARN_ENUM_CONVERSION = YES;
				CLANG_WARN_INFINITE_RECURSION = YES;
				CLANG_WARN_INT_CONVERSION = YES;
				CLANG_WARN_NON_LITERAL_NULL_CONVERSION = YES;
				CLANG_WARN_OBJC_IMPLICIT_RETAIN_SELF = YES;
				CLANG_WARN_OBJC_LITERAL_CONVERSION = YES;
				CLANG_WARN_OBJC_ROOT_CLASS = YES_ERROR;
				CLANG_WARN_RANGE_LOOP_ANALYSIS = YES;
				CLANG_WARN_STRICT_PROTOTYPES = YES;
				CLANG_WARN_SUSPICIOUS_MOVE = YES;
				CLANG_WARN_UNGUARDED_AVAILABILITY = YES_AGGRESSIVE;
				CLANG_WARN_UNREACHABLE_CODE = YES;
				CLANG_WARN__DUPLICATE_METHOD_MATCH = YES;
				COPY_PHASE_STRIP = NO;
				DEBUG_INFORMATION_FORMAT = dwarf;
				ENABLE_STRICT_OBJC_MSGSEND = YES;
				ENABLE_TESTABILITY = YES;
				GCC_C_LANGUAGE_STANDARD = gnu11;
				GCC_DYNAMIC_NO_PIC = NO;
				GCC_NO_COMMON_BLOCKS = YES;
				GCC_OPTIMIZATION_LEVEL = 0;
				GCC_PREPROCESSOR_DEFINITIONS = (
					"DEBUG=1",
					"$(inherited)",
				);
				GCC_WARN_64_TO_32_BIT_CONVERSION = YES;
				GCC_WARN_ABOUT_RETURN_TYPE = YES_ERROR;
				GCC_WARN_UNDECLARED_SELECTOR = YES;
				GCC_WARN_UNINITIALIZED_AUTOS = YES_AGGRESSIVE;
				GCC_WARN_UNUSED_FUNCTION = YES;
				GCC_WARN_UNUSED_VARIABLE = YES;
				IPHONEOS_DEPLOYMENT_TARGET = 13.2;
				MTL_ENABLE_DEBUG_INFO = INCLUDE_SOURCE;
				MTL_FAST_MATH = YES;
				ONLY_ACTIVE_ARCH = YES;
				SDKROOT = iphoneos;
				SWIFT_ACTIVE_COMPILATION_CONDITIONS = DEBUG;
				SWIFT_OPTIMIZATION_LEVEL = "-Onone";
			};
			name = Debug;
		};
		F6A28D9A2549FD0A00CB61B2 /* Release */ = {
			isa = XCBuildConfiguration;
			buildSettings = {
				ALWAYS_SEARCH_USER_PATHS = NO;
				CLANG_ANALYZER_NONNULL = YES;
				CLANG_ANALYZER_NUMBER_OBJECT_CONVERSION = YES_AGGRESSIVE;
				CLANG_CXX_LANGUAGE_STANDARD = "gnu++14";
				CLANG_CXX_LIBRARY = "libc++";
				CLANG_ENABLE_MODULES = YES;
				CLANG_ENABLE_OBJC_ARC = YES;
				CLANG_ENABLE_OBJC_WEAK = YES;
				CLANG_WARN_BLOCK_CAPTURE_AUTORELEASING = YES;
				CLANG_WARN_BOOL_CONVERSION = YES;
				CLANG_WARN_COMMA = YES;
				CLANG_WARN_CONSTANT_CONVERSION = YES;
				CLANG_WARN_DEPRECATED_OBJC_IMPLEMENTATIONS = YES;
				CLANG_WARN_DIRECT_OBJC_ISA_USAGE = YES_ERROR;
				CLANG_WARN_DOCUMENTATION_COMMENTS = YES;
				CLANG_WARN_EMPTY_BODY = YES;
				CLANG_WARN_ENUM_CONVERSION = YES;
				CLANG_WARN_INFINITE_RECURSION = YES;
				CLANG_WARN_INT_CONVERSION = YES;
				CLANG_WARN_NON_LITERAL_NULL_CONVERSION = YES;
				CLANG_WARN_OBJC_IMPLICIT_RETAIN_SELF = YES;
				CLANG_WARN_OBJC_LITERAL_CONVERSION = YES;
				CLANG_WARN_OBJC_ROOT_CLASS = YES_ERROR;
				CLANG_WARN_RANGE_LOOP_ANALYSIS = YES;
				CLANG_WARN_STRICT_PROTOTYPES = YES;
				CLANG_WARN_SUSPICIOUS_MOVE = YES;
				CLANG_WARN_UNGUARDED_AVAILABILITY = YES_AGGRESSIVE;
				CLANG_WARN_UNREACHABLE_CODE = YES;
				CLANG_WARN__DUPLICATE_METHOD_MATCH = YES;
				COPY_PHASE_STRIP = NO;
				DEBUG_INFORMATION_FORMAT = "dwarf-with-dsym";
				ENABLE_NS_ASSERTIONS = NO;
				ENABLE_STRICT_OBJC_MSGSEND = YES;
				GCC_C_LANGUAGE_STANDARD = gnu11;
				GCC_NO_COMMON_BLOCKS = YES;
				GCC_WARN_64_TO_32_BIT_CONVERSION = YES;
				GCC_WARN_ABOUT_RETURN_TYPE = YES_ERROR;
				GCC_WARN_UNDECLARED_SELECTOR = YES;
				GCC_WARN_UNINITIALIZED_AUTOS = YES_AGGRESSIVE;
				GCC_WARN_UNUSED_FUNCTION = YES;
				GCC_WARN_UNUSED_VARIABLE = YES;
				IPHONEOS_DEPLOYMENT_TARGET = 13.2;
				MTL_ENABLE_DEBUG_INFO = NO;
				MTL_FAST_MATH = YES;
				SDKROOT = iphoneos;
				SWIFT_COMPILATION_MODE = wholemodule;
				SWIFT_OPTIMIZATION_LEVEL = "-O";
				VALIDATE_PRODUCT = YES;
			};
			name = Release;
		};
		F6A28D9C2549FD0A00CB61B2 /* Debug */ = {
			isa = XCBuildConfiguration;
			buildSettings = {
				ASSETCATALOG_COMPILER_APPICON_NAME = AppIcon;
				CODE_SIGN_STYLE = Automatic;
				INFOPLIST_FILE = UITextfieldsLecture/Info.plist;
				LD_RUNPATH_SEARCH_PATHS = (
					"$(inherited)",
					"@executable_path/Frameworks",
				);
				PRODUCT_BUNDLE_IDENTIFIER = org.d214.stu623099.UITextfieldsLecture;
				PRODUCT_NAME = "$(TARGET_NAME)";
				SWIFT_VERSION = 5.0;
				TARGETED_DEVICE_FAMILY = "1,2";
			};
			name = Debug;
		};
		F6A28D9D2549FD0A00CB61B2 /* Release */ = {
			isa = XCBuildConfiguration;
			buildSettings = {
				ASSETCATALOG_COMPILER_APPICON_NAME = AppIcon;
				CODE_SIGN_STYLE = Automatic;
				INFOPLIST_FILE = UITextfieldsLecture/Info.plist;
				LD_RUNPATH_SEARCH_PATHS = (
					"$(inherited)",
					"@executable_path/Frameworks",
				);
				PRODUCT_BUNDLE_IDENTIFIER = org.d214.stu623099.UITextfieldsLecture;
				PRODUCT_NAME = "$(TARGET_NAME)";
				SWIFT_VERSION = 5.0;
				TARGETED_DEVICE_FAMILY = "1,2";
			};
			name = Release;
		};
/* End XCBuildConfiguration section */

/* Begin XCConfigurationList section */
		F6A28D822549FD0900CB61B2 /* Build configuration list for PBXProject "UITextfieldsLecture" */ = {
			isa = XCConfigurationList;
			buildConfigurations = (
				F6A28D992549FD0A00CB61B2 /* Debug */,
				F6A28D9A2549FD0A00CB61B2 /* Release */,
			);
			defaultConfigurationIsVisible = 0;
			defaultConfigurationName = Release;
		};
		F6A28D9B2549FD0A00CB61B2 /* Build configuration list for PBXNativeTarget "UITextfieldsLecture" */ = {
			isa = XCConfigurationList;
			buildConfigurations = (
				F6A28D9C2549FD0A00CB61B2 /* Debug */,
				F6A28D9D2549FD0A00CB61B2 /* Release */,
			);
			defaultConfigurationIsVisible = 0;
			defaultConfigurationName = Release;
		};
/* End XCConfigurationList section */
	};
	rootObject = F6A28D7F2549FD0900CB61B2 /* Project object */;
}
